{
  "pins" : [
    {
      "identity" : "slidekit",
      "kind" : "remoteSourceControl",
      "location" : "https://github.com/mtj0928/SlideKit",
      "state" : {
        "revision" : "72b630e075dbd9d36bdac885728d850a01f5cefe",
        "version" : "0.3.1"
      }
    },
    {
      "identity" : "splash",
      "kind" : "remoteSourceControl",
      "location" : "https://github.com/JohnSundell/Splash",
      "state" : {
        "revision" : "7f4df436eb78fe64fe2c32c58006e9949fa28ad8",
        "version" : "0.16.0"
      }
    }
  ],
  "version" : 2
}
